
Microsoft Visual Studio Solution File, Format Version 12.00
# Visual Studio Version 17
VisualStudioVersion = 17.0.31912.275
MinimumVisualStudioVersion = 10.0.40219.1
Project("{FAE04EC0-301F-11D3-BF4B-00C04F79EFBC}") = "Length_Calculate", "Length_Calculate\Length_Calculate.csproj", "{137BB081-3C28-46A9-8352-B14824F6BBAE}"
EndProject
Global
	GlobalSection(SolutionConfigurationPlatforms) = preSolution
		Debug|Any CPU = Debug|Any CPU
		Release|Any CPU = Release|Any CPU
	EndGlobalSection
	GlobalSection(ProjectConfigurationPlatforms) = postSolution
		{137BB081-3C28-46A9-8352-B14824F6BBAE}.Debug|Any CPU.ActiveCfg = Debug|Any CPU
		{137BB081-3C28-46A9-8352-B14824F6BBAE}.Debug|Any CPU.Build.0 = Debug|Any CPU
		{137BB081-3C28-46A9-8352-B14824F6BBAE}.Release|Any CPU.ActiveCfg = Release|Any CPU
		{137BB081-3C28-46A9-8352-B14824F6BBAE}.Release|Any CPU.Build.0 = Release|Any CPU
	EndGlobalSection
	GlobalSection(SolutionProperties) = preSolution
		HideSolutionNode = FALSE
	EndGlobalSection
	GlobalSection(ExtensibilityGlobals) = postSolution
		SolutionGuid = {97F9D95B-6CE4-415D-81F3-AE17D2EADE2C}
	EndGlobalSection
EndGlobal
